{
  "name": "knex-stringcase",
  "version": "1.1.1",
  "lockfileVersion": 1,
  "requires": true,
  "dependencies": {
    "stringcase": {
      "version": "4.3.0",
      "resolved": "https://registry.npmjs.org/stringcase/-/stringcase-4.3.0.tgz",
      "integrity": "sha512-OiI04x4lu8krWyBS+Xx4/n6lN3sJZfbMbh1D5Bj3WGZAOaJhpnNUBM22+U4MNZ1dis/Pab4UIPNy+kk26YjeCA=="
    }
  }
}
