{
    "name": "knex-stringcase",
    "version": "1.4.5",
    "lockfileVersion": 2,
    "requires": true,
    "packages": {
        "": {
            "name": "knex-stringcase",
            "version": "1.4.5",
            "license": "ISC",
            "dependencies": {
                "stringcase": "^4.3.1"
            },
            "devDependencies": {
                "kequtest": "^0.3.0"
            }
        },
        "node_modules/kequtest": {
            "version": "0.3.0",
            "resolved": "https://registry.npmjs.org/kequtest/-/kequtest-0.3.0.tgz",
            "integrity": "sha512-4qPCj/x5xx7Hz1Leczh0V1qRZKqFBev5qPAcqye5xD6VfsPfN9SS2ba/qy5Mww5khSOTycpIfouPce2h6/0HVg==",
            "dev": true,
            "bin": {
                "kequtest": "dist/index.js"
            }
        },
        "node_modules/stringcase": {
            "version": "4.3.1",
            "resolved": "https://registry.npmjs.org/stringcase/-/stringcase-4.3.1.tgz",
            "integrity": "sha512-Ov7McNX1sFaEX9NWijD1hIOVDDhKdnFzN9tvoa1N8xgrclouhsO4kBPVrTPhjO/zP5mn1Ww03uZ2SThNMXS7zg==",
            "engines": {
                "node": ">=8",
                "npm": ">=5"
            }
        }
    },
    "dependencies": {
        "kequtest": {
            "version": "0.3.0",
            "resolved": "https://registry.npmjs.org/kequtest/-/kequtest-0.3.0.tgz",
            "integrity": "sha512-4qPCj/x5xx7Hz1Leczh0V1qRZKqFBev5qPAcqye5xD6VfsPfN9SS2ba/qy5Mww5khSOTycpIfouPce2h6/0HVg==",
            "dev": true
        },
        "stringcase": {
            "version": "4.3.1",
            "resolved": "https://registry.npmjs.org/stringcase/-/stringcase-4.3.1.tgz",
            "integrity": "sha512-Ov7McNX1sFaEX9NWijD1hIOVDDhKdnFzN9tvoa1N8xgrclouhsO4kBPVrTPhjO/zP5mn1Ww03uZ2SThNMXS7zg=="
        }
    }
}
